// !$*UTF8*$!
{
	archiveVersion = 1;
	classes = {
	};
	objectVersion = 46;
	objects = {

/* Begin PBXFileReference section */
		C88353E51CFD7A8E00C1E8E3 /* UIColorExtension.swift */ = {isa = PBXFileReference; lastKnownFileType = sourcecode.swift; path = UIColorExtension.swift; sourceTree = "<group>"; };
		C88353E61CFD7A8E00C1E8E3 /* UIFontExtension.swift */ = {isa = PBXFileReference; lastKnownFileType = sourcecode.swift; path = UIFontExtension.swift; sourceTree = "<group>"; };
		C88353E71CFD7A8E00C1E8E3 /* UIViewExtension.swift */ = {isa = PBXFileReference; lastKnownFileType = sourcecode.swift; path = UIViewExtension.swift; sourceTree = "<group>"; };
/* End PBXFileReference section */

/* Begin PBXGroup section */
		C88353DE1CFD79B500C1E8E3 = {
			isa = PBXGroup;
			children = (
				C88353E51CFD7A8E00C1E8E3 /* UIColorExtension.swift */,
				C88353E61CFD7A8E00C1E8E3 /* UIFontExtension.swift */,
				C88353E71CFD7A8E00C1E8E3 /* UIViewExtension.swift */,
			);
			sourceTree = "<group>";
		};
/* End PBXGroup section */

/* Begin PBXProject section */
		C88353DF1CFD79B500C1E8E3 /* Project object */ = {
			isa = PBXProject;
			attributes = {
				LastUpgradeCheck = 0730;
			};
			buildConfigurationList = C88353E21CFD79B500C1E8E3 /* Build configuration list for PBXProject "UIKitExtensions" */;
			compatibilityVersion = "Xcode 3.2";
			developmentRegion = English;
			hasScannedForEncodings = 0;
			knownRegions = (
				en,
			);
			mainGroup = C88353DE1CFD79B500C1E8E3;
			projectDirPath = "";
			projectRoot = "";
			targets = (
			);
		};
/* End PBXProject section */

/* Begin XCBuildConfiguration section */
		C88353E31CFD79B500C1E8E3 /* Debug */ = {
			isa = XCBuildConfiguration;
			buildSettings = {
			};
			name = Debug;
		};
		C88353E41CFD79B500C1E8E3 /* Release */ = {
			isa = XCBuildConfiguration;
			buildSettings = {
			};
			name = Release;
		};
/* End XCBuildConfiguration section */

/* Begin XCConfigurationList section */
		C88353E21CFD79B500C1E8E3 /* Build configuration list for PBXProject "UIKitExtensions" */ = {
			isa = XCConfigurationList;
			buildConfigurations = (
				C88353E31CFD79B500C1E8E3 /* Debug */,
				C88353E41CFD79B500C1E8E3 /* Release */,
			);
			defaultConfigurationIsVisible = 0;
			defaultConfigurationName = Release;
		};
/* End XCConfigurationList section */
	};
	rootObject = C88353DF1CFD79B500C1E8E3 /* Project object */;
}
